// !$*UTF8*$!
{
	archiveVersion = 1;
	classes = {
	};
	objectVersion = 77;
	objects = {

/* Begin PBXBuildFile section */
		11311FE32D5A0A120073A1A1 /* GoogleService-Info.plist in Resources */ = {isa = PBXBuildFile; fileRef = 11311FE22D5A0A120073A1A1 /* GoogleService-Info.plist */; };
		11311FE62D5A0C230073A1A1 /* FirebaseAnalytics in Frameworks */ = {isa = PBXBuildFile; productRef = 11311FE52D5A0C230073A1A1 /* FirebaseAnalytics */; };
		11311FE82D5A0C230073A1A1 /* FirebaseAuth in Frameworks */ = {isa = PBXBuildFile; productRef = 11311FE72D5A0C230073A1A1 /* FirebaseAuth */; };
		11311FEA2D5A0C230073A1A1 /* FirebaseCore in Frameworks */ = {isa = PBXBuildFile; productRef = 11311FE92D5A0C230073A1A1 /* FirebaseCore */; };
		11311FEC2D5A0C230073A1A1 /* FirebaseDatabase in Frameworks */ = {isa = PBXBuildFile; productRef = 11311FEB2D5A0C230073A1A1 /* FirebaseDatabase */; };
/* End PBXBuildFile section */

/* Begin PBXContainerItemProxy section */
		11311F742D59F4E70073A1A1 /* PBXContainerItemProxy */ = {
			isa = PBXContainerItemProxy;
			containerPortal = 11311F5B2D59F4E50073A1A1 /* Project object */;
			proxyType = 1;
			remoteGlobalIDString = 11311F622D59F4E50073A1A1;
			remoteInfo = MyBucketList;
		};
		11311F7E2D59F4E70073A1A1 /* PBXContainerItemProxy */ = {
			isa = PBXContainerItemProxy;
			containerPortal = 11311F5B2D59F4E50073A1A1 /* Project object */;
			proxyType = 1;
			remoteGlobalIDString = 11311F622D59F4E50073A1A1;
			remoteInfo = MyBucketList;
		};
/* End PBXContainerItemProxy section */

/* Begin PBXFileReference section */
		11311F632D59F4E50073A1A1 /* MyBucketList.app */ = {isa = PBXFileReference; explicitFileType = wrapper.application; includeInIndex = 0; path = MyBucketList.app; sourceTree = BUILT_PRODUCTS_DIR; };
		11311F732D59F4E70073A1A1 /* MyBucketListTests.xctest */ = {isa = PBXFileReference; explicitFileType = wrapper.cfbundle; includeInIndex = 0; path = MyBucketListTests.xctest; sourceTree = BUILT_PRODUCTS_DIR; };
		11311F7D2D59F4E70073A1A1 /* MyBucketListUITests.xctest */ = {isa = PBXFileReference; explicitFileType = wrapper.cfbundle; includeInIndex = 0; path = MyBucketListUITests.xctest; sourceTree = BUILT_PRODUCTS_DIR; };
		11311FE22D5A0A120073A1A1 /* GoogleService-Info.plist */ = {isa = PBXFileReference; lastKnownFileType = text.plist.xml; path = "GoogleService-Info.plist"; sourceTree = "<group>"; };
/* End PBXFileReference section */

/* Begin PBXFileSystemSynchronizedRootGroup section */
		11311F762D59F4E70073A1A1 /* MyBucketListTests */ = {
			isa = PBXFileSystemSynchronizedRootGroup;
			path = MyBucketListTests;
			sourceTree = "<group>";
		};
		11311F802D59F4E70073A1A1 /* MyBucketListUITests */ = {
			isa = PBXFileSystemSynchronizedRootGroup;
			path = MyBucketListUITests;
			sourceTree = "<group>";
		};
		11311FD72D5A05750073A1A1 /* MyBucketList */ = {
			isa = PBXFileSystemSynchronizedRootGroup;
			path = MyBucketList;
			sourceTree = "<group>";
		};
/* End PBXFileSystemSynchronizedRootGroup section */

/* Begin PBXFrameworksBuildPhase section */
		11311F602D59F4E50073A1A1 /* Frameworks */ = {
			isa = PBXFrameworksBuildPhase;
			buildActionMask = 2147483647;
			files = (
				11311FE62D5A0C230073A1A1 /* FirebaseAnalytics in Frameworks */,
				11311FEA2D5A0C230073A1A1 /* FirebaseCore in Frameworks */,
				11311FEC2D5A0C230073A1A1 /* FirebaseDatabase in Frameworks */,
				11311FE82D5A0C230073A1A1 /* FirebaseAuth in Frameworks */,
			);
			runOnlyForDeploymentPostprocessing = 0;
		};
		11311F702D59F4E70073A1A1 /* Frameworks */ = {
			isa = PBXFrameworksBuildPhase;
			buildActionMask = 2147483647;
			files = (
			);
			runOnlyForDeploymentPostprocessing = 0;
		};
		11311F7A2D59F4E70073A1A1 /* Frameworks */ = {
			isa = PBXFrameworksBuildPhase;
			buildActionMask = 2147483647;
			files = (
			);
			runOnlyForDeploymentPostprocessing = 0;
		};
/* End PBXFrameworksBuildPhase section */

/* Begin PBXGroup section */
		11311F5A2D59F4E50073A1A1 = {
			isa = PBXGroup;
			children = (
				11311FE22D5A0A120073A1A1 /* GoogleService-Info.plist */,
				11311FD72D5A05750073A1A1 /* MyBucketList */,
				11311F762D59F4E70073A1A1 /* MyBucketListTests */,
				11311F802D59F4E70073A1A1 /* MyBucketListUITests */,
				11311F642D59F4E50073A1A1 /* Products */,
			);
			sourceTree = "<group>";
		};
		11311F642D59F4E50073A1A1 /* Products */ = {
			isa = PBXGroup;
			children = (
				11311F632D59F4E50073A1A1 /* MyBucketList.app */,
				11311F732D59F4E70073A1A1 /* MyBucketListTests.xctest */,
				11311F7D2D59F4E70073A1A1 /* MyBucketListUITests.xctest */,
			);
			name = Products;
			sourceTree = "<group>";
		};
/* End PBXGroup section */

/* Begin PBXNativeTarget section */
		11311F622D59F4E50073A1A1 /* MyBucketList */ = {
			isa = PBXNativeTarget;
			buildConfigurationList = 11311F872D59F4E70073A1A1 /* Build configuration list for PBXNativeTarget "MyBucketList" */;
			buildPhases = (
				11311F5F2D59F4E50073A1A1 /* Sources */,
				11311F602D59F4E50073A1A1 /* Frameworks */,
				11311F612D59F4E50073A1A1 /* Resources */,
			);
			buildRules = (
			);
			dependencies = (
			);
			fileSystemSynchronizedGroups = (
				11311FD72D5A05750073A1A1 /* MyBucketList */,
			);
			name = MyBucketList;
			packageProductDependencies = (
				11311FE52D5A0C230073A1A1 /* FirebaseAnalytics */,
				11311FE72D5A0C230073A1A1 /* FirebaseAuth */,
				11311FE92D5A0C230073A1A1 /* FirebaseCore */,
				11311FEB2D5A0C230073A1A1 /* FirebaseDatabase */,
			);
			productName = MyBucketList;
			productReference = 11311F632D59F4E50073A1A1 /* MyBucketList.app */;
			productType = "com.apple.product-type.application";
		};
		11311F722D59F4E70073A1A1 /* MyBucketListTests */ = {
			isa = PBXNativeTarget;
			buildConfigurationList = 11311F8A2D59F4E70073A1A1 /* Build configuration list for PBXNativeTarget "MyBucketListTests" */;
			buildPhases = (
				11311F6F2D59F4E70073A1A1 /* Sources */,
				11311F702D59F4E70073A1A1 /* Frameworks */,
				11311F712D59F4E70073A1A1 /* Resources */,
			);
			buildRules = (
			);
			dependencies = (
				11311F752D59F4E70073A1A1 /* PBXTargetDependency */,
			);
			fileSystemSynchronizedGroups = (
				11311F762D59F4E70073A1A1 /* MyBucketListTests */,
			);
			name = MyBucketListTests;
			packageProductDependencies = (
			);
			productName = MyBucketListTests;
			productReference = 11311F732D59F4E70073A1A1 /* MyBucketListTests.xctest */;
			productType = "com.apple.product-type.bundle.unit-test";
		};
		11311F7C2D59F4E70073A1A1 /* MyBucketListUITests */ = {
			isa = PBXNativeTarget;
			buildConfigurationList = 11311F8D2D59F4E70073A1A1 /* Build configuration list for PBXNativeTarget "MyBucketListUITests" */;
			buildPhases = (
				11311F792D59F4E70073A1A1 /* Sources */,
				11311F7A2D59F4E70073A1A1 /* Frameworks */,
				11311F7B2D59F4E70073A1A1 /* Resources */,
			);
			buildRules = (
			);
			dependencies = (
				11311F7F2D59F4E70073A1A1 /* PBXTargetDependency */,
			);
			fileSystemSynchronizedGroups = (
				11311F802D59F4E70073A1A1 /* MyBucketListUITests */,
			);
			name = MyBucketListUITests;
			packageProductDependencies = (
			);
			productName = MyBucketListUITests;
			productReference = 11311F7D2D59F4E70073A1A1 /* MyBucketListUITests.xctest */;
			productType = "com.apple.product-type.bundle.ui-testing";
		};
/* End PBXNativeTarget section */

/* Begin PBXProject section */
		11311F5B2D59F4E50073A1A1 /* Project object */ = {
			isa = PBXProject;
			attributes = {
				BuildIndependentTargetsInParallel = 1;
				LastSwiftUpdateCheck = 1620;
				LastUpgradeCheck = 1620;
				TargetAttributes = {
					11311F622D59F4E50073A1A1 = {
						CreatedOnToolsVersion = 16.2;
					};
					11311F722D59F4E70073A1A1 = {
						CreatedOnToolsVersion = 16.2;
						TestTargetID = 11311F622D59F4E50073A1A1;
					};
					11311F7C2D59F4E70073A1A1 = {
						CreatedOnToolsVersion = 16.2;
						TestTargetID = 11311F622D59F4E50073A1A1;
					};
				};
			};
			buildConfigurationList = 11311F5E2D59F4E50073A1A1 /* Build configuration list for PBXProject "MyBucketList" */;
			developmentRegion = en;
			hasScannedForEncodings = 0;
			knownRegions = (
				en,
				Base,
			);
			mainGroup = 11311F5A2D59F4E50073A1A1;
			minimizedProjectReferenceProxies = 1;
			packageReferences = (
				11311FE42D5A0C230073A1A1 /* XCRemoteSwiftPackageReference "firebase-ios-sdk" */,
			);
			preferredProjectObjectVersion = 77;
			productRefGroup = 11311F642D59F4E50073A1A1 /* Products */;
			projectDirPath = "";
			projectRoot = "";
			targets = (
				11311F622D59F4E50073A1A1 /* MyBucketList */,
				11311F722D59F4E70073A1A1 /* MyBucketListTests */,
				11311F7C2D59F4E70073A1A1 /* MyBucketListUITests */,
			);
		};
/* End PBXProject section */

/* Begin PBXResourcesBuildPhase section */
		11311F612D59F4E50073A1A1 /* Resources */ = {
			isa = PBXResourcesBuildPhase;
			buildActionMask = 2147483647;
			files = (
				11311FE32D5A0A120073A1A1 /* GoogleService-Info.plist in Resources */,
			);
			runOnlyForDeploymentPostprocessing = 0;
		};
		11311F712D59F4E70073A1A1 /* Resources */ = {
			isa = PBXResourcesBuildPhase;
			buildActionMask = 2147483647;
			files = (
			);
			runOnlyForDeploymentPostprocessing = 0;
		};
		11311F7B2D59F4E70073A1A1 /* Resources */ = {
			isa = PBXResourcesBuildPhase;
			buildActionMask = 2147483647;
			files = (
			);
			runOnlyForDeploymentPostprocessing = 0;
		};
/* End PBXResourcesBuildPhase section */

/* Begin PBXSourcesBuildPhase section */
		11311F5F2D59F4E50073A1A1 /* Sources */ = {
			isa = PBXSourcesBuildPhase;
			buildActionMask = 2147483647;
			files = (
			);
			runOnlyForDeploymentPostprocessing = 0;
		};
		11311F6F2D59F4E70073A1A1 /* Sources */ = {
			isa = PBXSourcesBuildPhase;
			buildActionMask = 2147483647;
			files = (
			);
			runOnlyForDeploymentPostprocessing = 0;
		};
		11311F792D59F4E70073A1A1 /* Sources */ = {
			isa = PBXSourcesBuildPhase;
			buildActionMask = 2147483647;
			files = (
			);
			runOnlyForDeploymentPostprocessing = 0;
		};
/* End PBXSourcesBuildPhase section */

/* Begin PBXTargetDependency section */
		11311F752D59F4E70073A1A1 /* PBXTargetDependency */ = {
			isa = PBXTargetDependency;
			target = 11311F622D59F4E50073A1A1 /* MyBucketList */;
			targetProxy = 11311F742D59F4E70073A1A1 /* PBXContainerItemProxy */;
		};
		11311F7F2D59F4E70073A1A1 /* PBXTargetDependency */ = {
			isa = PBXTargetDependency;
			target = 11311F622D59F4E50073A1A1 /* MyBucketList */;
			targetProxy = 11311F7E2D59F4E70073A1A1 /* PBXContainerItemProxy */;
		};
/* End PBXTargetDependency section */

/* Begin XCBuildConfiguration section */
		11311F852D59F4E70073A1A1 /* Debug */ = {
			isa = XCBuildConfiguration;
			buildSettings = {
				ALWAYS_SEARCH_USER_PATHS = NO;
				ASSETCATALOG_COMPILER_GENERATE_SWIFT_ASSET_SYMBOL_EXTENSIONS = YES;
				CLANG_ANALYZER_NONNULL = YES;
				CLANG_ANALYZER_NUMBER_OBJECT_CONVERSION = YES_AGGRESSIVE;
				CLANG_CXX_LANGUAGE_STANDARD = "gnu++20";
				CLANG_ENABLE_MODULES = YES;
				CLANG_ENABLE_OBJC_ARC = YES;
				CLANG_ENABLE_OBJC_WEAK = YES;
				CLANG_WARN_BLOCK_CAPTURE_AUTORELEASING = YES;
				CLANG_WARN_BOOL_CONVERSION = YES;
				CLANG_WARN_COMMA = YES;
				CLANG_WARN_CONSTANT_CONVERSION = YES;
				CLANG_WARN_DEPRECATED_OBJC_IMPLEMENTATIONS = YES;
				CLANG_WARN_DIRECT_OBJC_ISA_USAGE = YES_ERROR;
				CLANG_WARN_DOCUMENTATION_COMMENTS = YES;
				CLANG_WARN_EMPTY_BODY = YES;
				CLANG_WARN_ENUM_CONVERSION = YES;
				CLANG_WARN_INFINITE_RECURSION = YES;
				CLANG_WARN_INT_CONVERSION = YES;
				CLANG_WARN_NON_LITERAL_NULL_CONVERSION = YES;
				CLANG_WARN_OBJC_IMPLICIT_RETAIN_SELF = YES;
				CLANG_WARN_OBJC_LITERAL_CONVERSION = YES;
				CLANG_WARN_OBJC_ROOT_CLASS = YES_ERROR;
				CLANG_WARN_QUOTED_INCLUDE_IN_FRAMEWORK_HEADER = YES;
				CLANG_WARN_RANGE_LOOP_ANALYSIS = YES;
				CLANG_WARN_STRICT_PROTOTYPES = YES;
				CLANG_WARN_SUSPICIOUS_MOVE = YES;
				CLANG_WARN_UNGUARDED_AVAILABILITY = YES_AGGRESSIVE;
				CLANG_WARN_UNREACHABLE_CODE = YES;
				CLANG_WARN__DUPLICATE_METHOD_MATCH = YES;
				COPY_PHASE_STRIP = NO;
				DEBUG_INFORMATION_FORMAT = dwarf;
				ENABLE_STRICT_OBJC_MSGSEND = YES;
				ENABLE_TESTABILITY = YES;
				ENABLE_USER_SCRIPT_SANDBOXING = YES;
				GCC_C_LANGUAGE_STANDARD = gnu17;
				GCC_DYNAMIC_NO_PIC = NO;
				GCC_NO_COMMON_BLOCKS = YES;
				GCC_OPTIMIZATION_LEVEL = 0;
				GCC_PREPROCESSOR_DEFINITIONS = (
					"DEBUG=1",
					"$(inherited)",
				);
				GCC_WARN_64_TO_32_BIT_CONVERSION = YES;
				GCC_WARN_ABOUT_RETURN_TYPE = YES_ERROR;
				GCC_WARN_UNDECLARED_SELECTOR = YES;
				GCC_WARN_UNINITIALIZED_AUTOS = YES_AGGRESSIVE;
				GCC_WARN_UNUSED_FUNCTION = YES;
				GCC_WARN_UNUSED_VARIABLE = YES;
				IPHONEOS_DEPLOYMENT_TARGET = 18.2;
				LOCALIZATION_PREFERS_STRING_CATALOGS = YES;
				MTL_ENABLE_DEBUG_INFO = INCLUDE_SOURCE;
				MTL_FAST_MATH = YES;
				ONLY_ACTIVE_ARCH = YES;
				SDKROOT = iphoneos;
				SWIFT_ACTIVE_COMPILATION_CONDITIONS = "DEBUG $(inherited)";
				SWIFT_OPTIMIZATION_LEVEL = "-Onone";
			};
			name = Debug;
		};
		11311F862D59F4E70073A1A1 /* Release */ = {
			isa = XCBuildConfiguration;
			buildSettings = {
				ALWAYS_SEARCH_USER_PATHS = NO;
				ASSETCATALOG_COMPILER_GENERATE_SWIFT_ASSET_SYMBOL_EXTENSIONS = YES;
				CLANG_ANALYZER_NONNULL = YES;
				CLANG_ANALYZER_NUMBER_OBJECT_CONVERSION = YES_AGGRESSIVE;
				CLANG_CXX_LANGUAGE_STANDARD = "gnu++20";
				CLANG_ENABLE_MODULES = YES;
				CLANG_ENABLE_OBJC_ARC = YES;
				CLANG_ENABLE_OBJC_WEAK = YES;
				CLANG_WARN_BLOCK_CAPTURE_AUTORELEASING = YES;
				CLANG_WARN_BOOL_CONVERSION = YES;
				CLANG_WARN_COMMA = YES;
				CLANG_WARN_CONSTANT_CONVERSION = YES;
				CLANG_WARN_DEPRECATED_OBJC_IMPLEMENTATIONS = YES;
				CLANG_WARN_DIRECT_OBJC_ISA_USAGE = YES_ERROR;
				CLANG_WARN_DOCUMENTATION_COMMENTS = YES;
				CLANG_WARN_EMPTY_BODY = YES;
				CLANG_WARN_ENUM_CONVERSION = YES;
				CLANG_WARN_INFINITE_RECURSION = YES;
				CLANG_WARN_INT_CONVERSION = YES;
				CLANG_WARN_NON_LITERAL_NULL_CONVERSION = YES;
				CLANG_WARN_OBJC_IMPLICIT_RETAIN_SELF = YES;
				CLANG_WARN_OBJC_LITERAL_CONVERSION = YES;
				CLANG_WARN_OBJC_ROOT_CLASS = YES_ERROR;
				CLANG_WARN_QUOTED_INCLUDE_IN_FRAMEWORK_HEADER = YES;
				CLANG_WARN_RANGE_LOOP_ANALYSIS = YES;
				CLANG_WARN_STRICT_PROTOTYPES = YES;
				CLANG_WARN_SUSPICIOUS_MOVE = YES;
				CLANG_WARN_UNGUARDED_AVAILABILITY = YES_AGGRESSIVE;
				CLANG_WARN_UNREACHABLE_CODE = YES;
				CLANG_WARN__DUPLICATE_METHOD_MATCH = YES;
				COPY_PHASE_STRIP = NO;
				DEBUG_INFORMATION_FORMAT = "dwarf-with-dsym";
				ENABLE_NS_ASSERTIONS = NO;
				ENABLE_STRICT_OBJC_MSGSEND = YES;
				ENABLE_USER_SCRIPT_SANDBOXING = YES;
				GCC_C_LANGUAGE_STANDARD = gnu17;
				GCC_NO_COMMON_BLOCKS = YES;
				GCC_WARN_64_TO_32_BIT_CONVERSION = YES;
				GCC_WARN_ABOUT_RETURN_TYPE = YES_ERROR;
				GCC_WARN_UNDECLARED_SELECTOR = YES;
				GCC_WARN_UNINITIALIZED_AUTOS = YES_AGGRESSIVE;
				GCC_WARN_UNUSED_FUNCTION = YES;
				GCC_WARN_UNUSED_VARIABLE = YES;
				IPHONEOS_DEPLOYMENT_TARGET = 18.2;
				LOCALIZATION_PREFERS_STRING_CATALOGS = YES;
				MTL_ENABLE_DEBUG_INFO = NO;
				MTL_FAST_MATH = YES;
				SDKROOT = iphoneos;
				SWIFT_COMPILATION_MODE = wholemodule;
				VALIDATE_PRODUCT = YES;
			};
			name = Release;
		};
		11311F882D59F4E70073A1A1 /* Debug */ = {
			isa = XCBuildConfiguration;
			buildSettings = {
				ASSETCATALOG_COMPILER_APPICON_NAME = AppIcon;
				ASSETCATALOG_COMPILER_GLOBAL_ACCENT_COLOR_NAME = AccentColor;
				CODE_SIGN_STYLE = Automatic;
				CURRENT_PROJECT_VERSION = 1;
				DEVELOPMENT_ASSET_PATHS = "\"MyBucketList/Preview Content\"";
				ENABLE_PREVIEWS = YES;
				GENERATE_INFOPLIST_FILE = YES;
				INFOPLIST_KEY_UIApplicationSceneManifest_Generation = YES;
				INFOPLIST_KEY_UIApplicationSupportsIndirectInputEvents = YES;
				INFOPLIST_KEY_UILaunchScreen_Generation = YES;
				INFOPLIST_KEY_UISupportedInterfaceOrientations_iPad = "UIInterfaceOrientationPortrait UIInterfaceOrientationPortraitUpsideDown UIInterfaceOrientationLandscapeLeft UIInterfaceOrientationLandscapeRight";
				INFOPLIST_KEY_UISupportedInterfaceOrientations_iPhone = "UIInterfaceOrientationPortrait UIInterfaceOrientationLandscapeLeft UIInterfaceOrientationLandscapeRight";
				LD_RUNPATH_SEARCH_PATHS = (
					"$(inherited)",
					"@executable_path/Frameworks",
				);
				MARKETING_VERSION = 1.0;
				PRODUCT_BUNDLE_IDENTIFIER = "de.syntax-institut.MyBucketList";
				PRODUCT_NAME = "$(TARGET_NAME)";
				SUPPORTED_PLATFORMS = "iphoneos iphonesimulator";
				SUPPORTS_MACCATALYST = NO;
				SUPPORTS_MAC_DESIGNED_FOR_IPHONE_IPAD = NO;
				SUPPORTS_XR_DESIGNED_FOR_IPHONE_IPAD = NO;
				SWIFT_EMIT_LOC_STRINGS = YES;
				SWIFT_VERSION = 5.0;
				TARGETED_DEVICE_FAMILY = 1;
			};
			name = Debug;
		};
		11311F892D59F4E70073A1A1 /* Release */ = {
			isa = XCBuildConfiguration;
			buildSettings = {
				ASSETCATALOG_COMPILER_APPICON_NAME = AppIcon;
				ASSETCATALOG_COMPILER_GLOBAL_ACCENT_COLOR_NAME = AccentColor;
				CODE_SIGN_STYLE = Automatic;
				CURRENT_PROJECT_VERSION = 1;
				DEVELOPMENT_ASSET_PATHS = "\"MyBucketList/Preview Content\"";
				ENABLE_PREVIEWS = YES;
				GENERATE_INFOPLIST_FILE = YES;
				INFOPLIST_KEY_UIApplicationSceneManifest_Generation = YES;
				INFOPLIST_KEY_UIApplicationSupportsIndirectInputEvents = YES;
				INFOPLIST_KEY_UILaunchScreen_Generation = YES;
				INFOPLIST_KEY_UISupportedInterfaceOrientations_iPad = "UIInterfaceOrientationPortrait UIInterfaceOrientationPortraitUpsideDown UIInterfaceOrientationLandscapeLeft UIInterfaceOrientationLandscapeRight";
				INFOPLIST_KEY_UISupportedInterfaceOrientations_iPhone = "UIInterfaceOrientationPortrait UIInterfaceOrientationLandscapeLeft UIInterfaceOrientationLandscapeRight";
				LD_RUNPATH_SEARCH_PATHS = (
					"$(inherited)",
					"@executable_path/Frameworks",
				);
				MARKETING_VERSION = 1.0;
				PRODUCT_BUNDLE_IDENTIFIER = "de.syntax-institut.MyBucketList";
				PRODUCT_NAME = "$(TARGET_NAME)";
				SUPPORTED_PLATFORMS = "iphoneos iphonesimulator";
				SUPPORTS_MACCATALYST = NO;
				SUPPORTS_MAC_DESIGNED_FOR_IPHONE_IPAD = NO;
				SUPPORTS_XR_DESIGNED_FOR_IPHONE_IPAD = NO;
				SWIFT_EMIT_LOC_STRINGS = YES;
				SWIFT_VERSION = 5.0;
				TARGETED_DEVICE_FAMILY = 1;
			};
			name = Release;
		};
		11311F8B2D59F4E70073A1A1 /* Debug */ = {
			isa = XCBuildConfiguration;
			buildSettings = {
				BUNDLE_LOADER = "$(TEST_HOST)";
				CODE_SIGN_STYLE = Automatic;
				CURRENT_PROJECT_VERSION = 1;
				GENERATE_INFOPLIST_FILE = YES;
				IPHONEOS_DEPLOYMENT_TARGET = 18.2;
				MARKETING_VERSION = 1.0;
				PRODUCT_BUNDLE_IDENTIFIER = "de.syntax-institut.MyBucketListTests";
				PRODUCT_NAME = "$(TARGET_NAME)";
				SWIFT_EMIT_LOC_STRINGS = NO;
				SWIFT_VERSION = 5.0;
				TARGETED_DEVICE_FAMILY = "1,2";
				TEST_HOST = "$(BUILT_PRODUCTS_DIR)/MyBucketList.app/$(BUNDLE_EXECUTABLE_FOLDER_PATH)/MyBucketList";
			};
			name = Debug;
		};
		11311F8C2D59F4E70073A1A1 /* Release */ = {
			isa = XCBuildConfiguration;
			buildSettings = {
				BUNDLE_LOADER = "$(TEST_HOST)";
				CODE_SIGN_STYLE = Automatic;
				CURRENT_PROJECT_VERSION = 1;
				GENERATE_INFOPLIST_FILE = YES;
				IPHONEOS_DEPLOYMENT_TARGET = 18.2;
				MARKETING_VERSION = 1.0;
				PRODUCT_BUNDLE_IDENTIFIER = "de.syntax-institut.MyBucketListTests";
				PRODUCT_NAME = "$(TARGET_NAME)";
				SWIFT_EMIT_LOC_STRINGS = NO;
				SWIFT_VERSION = 5.0;
				TARGETED_DEVICE_FAMILY = "1,2";
				TEST_HOST = "$(BUILT_PRODUCTS_DIR)/MyBucketList.app/$(BUNDLE_EXECUTABLE_FOLDER_PATH)/MyBucketList";
			};
			name = Release;
		};
		11311F8E2D59F4E70073A1A1 /* Debug */ = {
			isa = XCBuildConfiguration;
			buildSettings = {
				CODE_SIGN_STYLE = Automatic;
				CURRENT_PROJECT_VERSION = 1;
				GENERATE_INFOPLIST_FILE = YES;
				MARKETING_VERSION = 1.0;
				PRODUCT_BUNDLE_IDENTIFIER = "de.syntax-institut.MyBucketListUITests";
				PRODUCT_NAME = "$(TARGET_NAME)";
				SWIFT_EMIT_LOC_STRINGS = NO;
				SWIFT_VERSION = 5.0;
				TARGETED_DEVICE_FAMILY = "1,2";
				TEST_TARGET_NAME = MyBucketList;
			};
			name = Debug;
		};
		11311F8F2D59F4E70073A1A1 /* Release */ = {
			isa = XCBuildConfiguration;
			buildSettings = {
				CODE_SIGN_STYLE = Automatic;
				CURRENT_PROJECT_VERSION = 1;
				GENERATE_INFOPLIST_FILE = YES;
				MARKETING_VERSION = 1.0;
				PRODUCT_BUNDLE_IDENTIFIER = "de.syntax-institut.MyBucketListUITests";
				PRODUCT_NAME = "$(TARGET_NAME)";
				SWIFT_EMIT_LOC_STRINGS = NO;
				SWIFT_VERSION = 5.0;
				TARGETED_DEVICE_FAMILY = "1,2";
				TEST_TARGET_NAME = MyBucketList;
			};
			name = Release;
		};
/* End XCBuildConfiguration section */

/* Begin XCConfigurationList section */
		11311F5E2D59F4E50073A1A1 /* Build configuration list for PBXProject "MyBucketList" */ = {
			isa = XCConfigurationList;
			buildConfigurations = (
				11311F852D59F4E70073A1A1 /* Debug */,
				11311F862D59F4E70073A1A1 /* Release */,
			);
			defaultConfigurationIsVisible = 0;
			defaultConfigurationName = Release;
		};
		11311F872D59F4E70073A1A1 /* Build configuration list for PBXNativeTarget "MyBucketList" */ = {
			isa = XCConfigurationList;
			buildConfigurations = (
				11311F882D59F4E70073A1A1 /* Debug */,
				11311F892D59F4E70073A1A1 /* Release */,
			);
			defaultConfigurationIsVisible = 0;
			defaultConfigurationName = Release;
		};
		11311F8A2D59F4E70073A1A1 /* Build configuration list for PBXNativeTarget "MyBucketListTests" */ = {
			isa = XCConfigurationList;
			buildConfigurations = (
				11311F8B2D59F4E70073A1A1 /* Debug */,
				11311F8C2D59F4E70073A1A1 /* Release */,
			);
			defaultConfigurationIsVisible = 0;
			defaultConfigurationName = Release;
		};
		11311F8D2D59F4E70073A1A1 /* Build configuration list for PBXNativeTarget "MyBucketListUITests" */ = {
			isa = XCConfigurationList;
			buildConfigurations = (
				11311F8E2D59F4E70073A1A1 /* Debug */,
				11311F8F2D59F4E70073A1A1 /* Release */,
			);
			defaultConfigurationIsVisible = 0;
			defaultConfigurationName = Release;
		};
/* End XCConfigurationList section */

/* Begin XCRemoteSwiftPackageReference section */
		11311FE42D5A0C230073A1A1 /* XCRemoteSwiftPackageReference "firebase-ios-sdk" */ = {
			isa = XCRemoteSwiftPackageReference;
			repositoryURL = "https://github.com/firebase/firebase-ios-sdk";
			requirement = {
				kind = upToNextMajorVersion;
				minimumVersion = 11.8.1;
			};
		};
/* End XCRemoteSwiftPackageReference section */

/* Begin XCSwiftPackageProductDependency section */
		11311FE52D5A0C230073A1A1 /* FirebaseAnalytics */ = {
			isa = XCSwiftPackageProductDependency;
			package = 11311FE42D5A0C230073A1A1 /* XCRemoteSwiftPackageReference "firebase-ios-sdk" */;
			productName = FirebaseAnalytics;
		};
		11311FE72D5A0C230073A1A1 /* FirebaseAuth */ = {
			isa = XCSwiftPackageProductDependency;
			package = 11311FE42D5A0C230073A1A1 /* XCRemoteSwiftPackageReference "firebase-ios-sdk" */;
			productName = FirebaseAuth;
		};
		11311FE92D5A0C230073A1A1 /* FirebaseCore */ = {
			isa = XCSwiftPackageProductDependency;
			package = 11311FE42D5A0C230073A1A1 /* XCRemoteSwiftPackageReference "firebase-ios-sdk" */;
			productName = FirebaseCore;
		};
		11311FEB2D5A0C230073A1A1 /* FirebaseDatabase */ = {
			isa = XCSwiftPackageProductDependency;
			package = 11311FE42D5A0C230073A1A1 /* XCRemoteSwiftPackageReference "firebase-ios-sdk" */;
			productName = FirebaseDatabase;
		};
/* End XCSwiftPackageProductDependency section */
	};
	rootObject = 11311F5B2D59F4E50073A1A1 /* Project object */;
}
